
Microsoft Visual Studio Solution File, Format Version 12.00
# Visual Studio Version 16
VisualStudioVersion = 16.0.29403.142
MinimumVisualStudioVersion = 10.0.40219.1
Project("{FAE04EC0-301F-11D3-BF4B-00C04F79EFBC}") = "App", "App\App.csproj", "{A351D6D0-43C6-4DDD-B4B3-84978A78B511}"
EndProject
Project("{FAE04EC0-301F-11D3-BF4B-00C04F79EFBC}") = "Unit Test", "Unit Test\Unit Test.csproj", "{65445E8D-2AB9-450C-8E37-DD7E1F92D1C3}"
EndProject
Global
	GlobalSection(SolutionConfigurationPlatforms) = preSolution
		Debug|Any CPU = Debug|Any CPU
		Release|Any CPU = Release|Any CPU
	EndGlobalSection
	GlobalSection(ProjectConfigurationPlatforms) = postSolution
		{A351D6D0-43C6-4DDD-B4B3-84978A78B511}.Debug|Any CPU.ActiveCfg = Debug|Any CPU
		{A351D6D0-43C6-4DDD-B4B3-84978A78B511}.Debug|Any CPU.Build.0 = Debug|Any CPU
		{A351D6D0-43C6-4DDD-B4B3-84978A78B511}.Release|Any CPU.ActiveCfg = Release|Any CPU
		{A351D6D0-43C6-4DDD-B4B3-84978A78B511}.Release|Any CPU.Build.0 = Release|Any CPU
		{65445E8D-2AB9-450C-8E37-DD7E1F92D1C3}.Debug|Any CPU.ActiveCfg = Debug|Any CPU
		{65445E8D-2AB9-450C-8E37-DD7E1F92D1C3}.Debug|Any CPU.Build.0 = Debug|Any CPU
		{65445E8D-2AB9-450C-8E37-DD7E1F92D1C3}.Release|Any CPU.ActiveCfg = Release|Any CPU
		{65445E8D-2AB9-450C-8E37-DD7E1F92D1C3}.Release|Any CPU.Build.0 = Release|Any CPU
	EndGlobalSection
	GlobalSection(SolutionProperties) = preSolution
		HideSolutionNode = FALSE
	EndGlobalSection
	GlobalSection(ExtensibilityGlobals) = postSolution
		SolutionGuid = {920A92D0-3541-47AF-846E-3B920B98A140}
	EndGlobalSection
EndGlobal
