
Microsoft Visual Studio Solution File, Format Version 12.00
# Visual Studio Version 16
VisualStudioVersion = 16.0.29403.142
MinimumVisualStudioVersion = 10.0.40219.1
Project("{FAE04EC0-301F-11D3-BF4B-00C04F79EFBC}") = "05 - EntityFramework", "05 - EntityFramework\05 - EntityFramework.csproj", "{75922198-6A78-4570-A428-94F3665E5111}"
EndProject
Global
	GlobalSection(SolutionConfigurationPlatforms) = preSolution
		Debug|Any CPU = Debug|Any CPU
		Release|Any CPU = Release|Any CPU
	EndGlobalSection
	GlobalSection(ProjectConfigurationPlatforms) = postSolution
		{75922198-6A78-4570-A428-94F3665E5111}.Debug|Any CPU.ActiveCfg = Debug|Any CPU
		{75922198-6A78-4570-A428-94F3665E5111}.Debug|Any CPU.Build.0 = Debug|Any CPU
		{75922198-6A78-4570-A428-94F3665E5111}.Release|Any CPU.ActiveCfg = Release|Any CPU
		{75922198-6A78-4570-A428-94F3665E5111}.Release|Any CPU.Build.0 = Release|Any CPU
	EndGlobalSection
	GlobalSection(SolutionProperties) = preSolution
		HideSolutionNode = FALSE
	EndGlobalSection
	GlobalSection(ExtensibilityGlobals) = postSolution
		SolutionGuid = {768FDB19-89EE-4D86-8C0A-88FE678E795C}
	EndGlobalSection
EndGlobal
